
Microsoft Visual Studio Solution File, Format Version 12.00
# Visual Studio Version 17
VisualStudioVersion = 17.14.36414.22 d17.14
MinimumVisualStudioVersion = 10.0.40219.1
Project("{888888A0-9F3D-457C-B088-3A5042F75D52}") = "Port Tool", "Port Tool.pyproj", "{D3A4645F-2B4A-4B47-99DD-C362299C554F}"
EndProject
Global
	GlobalSection(SolutionConfigurationPlatforms) = preSolution
		Debug|Any CPU = Debug|Any CPU
		Release|Any CPU = Release|Any CPU
	EndGlobalSection
	GlobalSection(ProjectConfigurationPlatforms) = postSolution
		{D3A4645F-2B4A-4B47-99DD-C362299C554F}.Debug|Any CPU.ActiveCfg = Debug|Any CPU
		{D3A4645F-2B4A-4B47-99DD-C362299C554F}.Release|Any CPU.ActiveCfg = Release|Any CPU
	EndGlobalSection
	GlobalSection(SolutionProperties) = preSolution
		HideSolutionNode = FALSE
	EndGlobalSection
	GlobalSection(ExtensibilityGlobals) = postSolution
		SolutionGuid = {EF93778B-5583-436D-819D-275DD66E3479}
	EndGlobalSection
EndGlobal
